// !$*UTF8*$!
{
	archiveVersion = 1;
	classes = {
	};
	objectVersion = 48;
	objects = {

/* Begin PBXBuildFile section */
		9627D80C1E20DF8100F50515 /* OtherCountryView.xib in Resources */ = {isa = PBXBuildFile; fileRef = 9627D80B1E20DF8100F50515 /* OtherCountryView.xib */; };
		964761601DA0FEDE00DC03EE /* AppDelegate.swift in Sources */ = {isa = PBXBuildFile; fileRef = 9647615F1DA0FEDE00DC03EE /* AppDelegate.swift */; };
		964761621DA0FEDE00DC03EE /* ViewController.swift in Sources */ = {isa = PBXBuildFile; fileRef = 964761611DA0FEDE00DC03EE /* ViewController.swift */; };
		964761651DA0FEDE00DC03EE /* Main.storyboard in Resources */ = {isa = PBXBuildFile; fileRef = 964761631DA0FEDE00DC03EE /* Main.storyboard */; };
		964761681DA0FEDE00DC03EE /* philconvert.xcdatamodeld in Sources */ = {isa = PBXBuildFile; fileRef = 964761661DA0FEDE00DC03EE /* philconvert.xcdatamodeld */; };
		9647616A1DA0FEDE00DC03EE /* Assets.xcassets in Resources */ = {isa = PBXBuildFile; fileRef = 964761691DA0FEDE00DC03EE /* Assets.xcassets */; };
		9647616D1DA0FEDE00DC03EE /* LaunchScreen.storyboard in Resources */ = {isa = PBXBuildFile; fileRef = 9647616B1DA0FEDE00DC03EE /* LaunchScreen.storyboard */; };
		964761781DA0FEDF00DC03EE /* philconvertTests.swift in Sources */ = {isa = PBXBuildFile; fileRef = 964761771DA0FEDF00DC03EE /* philconvertTests.swift */; };
		964761831DA0FEDF00DC03EE /* philconvertUITests.swift in Sources */ = {isa = PBXBuildFile; fileRef = 964761821DA0FEDF00DC03EE /* philconvertUITests.swift */; };
		96D771BD1DA720F0001481E6 /* Alamofire.framework in Frameworks */ = {isa = PBXBuildFile; fileRef = 96D771BB1DA720F0001481E6 /* Alamofire.framework */; };
		96D771BE1DA720F0001481E6 /* SwiftyJSON.framework in Frameworks */ = {isa = PBXBuildFile; fileRef = 96D771BC1DA720F0001481E6 /* SwiftyJSON.framework */; };
		96E32F511E371149002EE880 /* CollectionViewCell.swift in Sources */ = {isa = PBXBuildFile; fileRef = 96E32F4F1E371149002EE880 /* CollectionViewCell.swift */; };
		96E32F521E371149002EE880 /* CollectionViewCell.xib in Resources */ = {isa = PBXBuildFile; fileRef = 96E32F501E371149002EE880 /* CollectionViewCell.xib */; };
/* End PBXBuildFile section */

/* Begin PBXContainerItemProxy section */
		964761741DA0FEDF00DC03EE /* PBXContainerItemProxy */ = {
			isa = PBXContainerItemProxy;
			containerPortal = 964761541DA0FEDE00DC03EE /* Project object */;
			proxyType = 1;
			remoteGlobalIDString = 9647615B1DA0FEDE00DC03EE;
			remoteInfo = philconvert;
		};
		9647617F1DA0FEDF00DC03EE /* PBXContainerItemProxy */ = {
			isa = PBXContainerItemProxy;
			containerPortal = 964761541DA0FEDE00DC03EE /* Project object */;
			proxyType = 1;
			remoteGlobalIDString = 9647615B1DA0FEDE00DC03EE;
			remoteInfo = philconvert;
		};
/* End PBXContainerItemProxy section */

/* Begin PBXFileReference section */
		9627D80B1E20DF8100F50515 /* OtherCountryView.xib */ = {isa = PBXFileReference; fileEncoding = 4; lastKnownFileType = file.xib; path = OtherCountryView.xib; sourceTree = "<group>"; };
		9647615C1DA0FEDE00DC03EE /* philconvert.app */ = {isa = PBXFileReference; explicitFileType = wrapper.application; includeInIndex = 0; path = philconvert.app; sourceTree = BUILT_PRODUCTS_DIR; };
		9647615F1DA0FEDE00DC03EE /* AppDelegate.swift */ = {isa = PBXFileReference; lastKnownFileType = sourcecode.swift; path = AppDelegate.swift; sourceTree = "<group>"; };
		964761611DA0FEDE00DC03EE /* ViewController.swift */ = {isa = PBXFileReference; lastKnownFileType = sourcecode.swift; path = ViewController.swift; sourceTree = "<group>"; };
		964761641DA0FEDE00DC03EE /* Base */ = {isa = PBXFileReference; lastKnownFileType = file.storyboard; name = Base; path = Base.lproj/Main.storyboard; sourceTree = "<group>"; };
		964761671DA0FEDE00DC03EE /* philconvert.xcdatamodel */ = {isa = PBXFileReference; lastKnownFileType = wrapper.xcdatamodel; path = philconvert.xcdatamodel; sourceTree = "<group>"; };
		964761691DA0FEDE00DC03EE /* Assets.xcassets */ = {isa = PBXFileReference; lastKnownFileType = folder.assetcatalog; path = Assets.xcassets; sourceTree = "<group>"; };
		9647616C1DA0FEDE00DC03EE /* Base */ = {isa = PBXFileReference; lastKnownFileType = file.storyboard; name = Base; path = Base.lproj/LaunchScreen.storyboard; sourceTree = "<group>"; };
		9647616E1DA0FEDE00DC03EE /* Info.plist */ = {isa = PBXFileReference; lastKnownFileType = text.plist.xml; path = Info.plist; sourceTree = "<group>"; };
		964761731DA0FEDF00DC03EE /* philconvertTests.xctest */ = {isa = PBXFileReference; explicitFileType = wrapper.cfbundle; includeInIndex = 0; path = philconvertTests.xctest; sourceTree = BUILT_PRODUCTS_DIR; };
		964761771DA0FEDF00DC03EE /* philconvertTests.swift */ = {isa = PBXFileReference; lastKnownFileType = sourcecode.swift; path = philconvertTests.swift; sourceTree = "<group>"; };
		964761791DA0FEDF00DC03EE /* Info.plist */ = {isa = PBXFileReference; lastKnownFileType = text.plist.xml; path = Info.plist; sourceTree = "<group>"; };
		9647617E1DA0FEDF00DC03EE /* philconvertUITests.xctest */ = {isa = PBXFileReference; explicitFileType = wrapper.cfbundle; includeInIndex = 0; path = philconvertUITests.xctest; sourceTree = BUILT_PRODUCTS_DIR; };
		964761821DA0FEDF00DC03EE /* philconvertUITests.swift */ = {isa = PBXFileReference; lastKnownFileType = sourcecode.swift; path = philconvertUITests.swift; sourceTree = "<group>"; };
		964761841DA0FEDF00DC03EE /* Info.plist */ = {isa = PBXFileReference; lastKnownFileType = text.plist.xml; path = Info.plist; sourceTree = "<group>"; };
		96D771BB1DA720F0001481E6 /* Alamofire.framework */ = {isa = PBXFileReference; lastKnownFileType = wrapper.framework; name = Alamofire.framework; path = Carthage/Build/iOS/Alamofire.framework; sourceTree = "<group>"; };
		96D771BC1DA720F0001481E6 /* SwiftyJSON.framework */ = {isa = PBXFileReference; lastKnownFileType = wrapper.framework; name = SwiftyJSON.framework; path = Carthage/Build/iOS/SwiftyJSON.framework; sourceTree = "<group>"; };
		96E32F4F1E371149002EE880 /* CollectionViewCell.swift */ = {isa = PBXFileReference; fileEncoding = 4; lastKnownFileType = sourcecode.swift; name = CollectionViewCell.swift; path = philconvert/CollectionViewCell.swift; sourceTree = "<group>"; };
		96E32F501E371149002EE880 /* CollectionViewCell.xib */ = {isa = PBXFileReference; fileEncoding = 4; lastKnownFileType = file.xib; name = CollectionViewCell.xib; path = philconvert/CollectionViewCell.xib; sourceTree = "<group>"; };
/* End PBXFileReference section */

/* Begin PBXFrameworksBuildPhase section */
		964761591DA0FEDE00DC03EE /* Frameworks */ = {
			isa = PBXFrameworksBuildPhase;
			buildActionMask = 2147483647;
			files = (
				96D771BD1DA720F0001481E6 /* Alamofire.framework in Frameworks */,
				96D771BE1DA720F0001481E6 /* SwiftyJSON.framework in Frameworks */,
			);
			runOnlyForDeploymentPostprocessing = 0;
		};
		964761701DA0FEDF00DC03EE /* Frameworks */ = {
			isa = PBXFrameworksBuildPhase;
			buildActionMask = 2147483647;
			files = (
			);
			runOnlyForDeploymentPostprocessing = 0;
		};
		9647617B1DA0FEDF00DC03EE /* Frameworks */ = {
			isa = PBXFrameworksBuildPhase;
			buildActionMask = 2147483647;
			files = (
			);
			runOnlyForDeploymentPostprocessing = 0;
		};
/* End PBXFrameworksBuildPhase section */

/* Begin PBXGroup section */
		964761531DA0FEDE00DC03EE = {
			isa = PBXGroup;
			children = (
				96E32F4F1E371149002EE880 /* CollectionViewCell.swift */,
				96E32F501E371149002EE880 /* CollectionViewCell.xib */,
				9647615E1DA0FEDE00DC03EE /* philconvert */,
				964761761DA0FEDF00DC03EE /* philconvertTests */,
				964761811DA0FEDF00DC03EE /* philconvertUITests */,
				9647615D1DA0FEDE00DC03EE /* Products */,
				96D771BA1DA720EF001481E6 /* Frameworks */,
			);
			sourceTree = "<group>";
		};
		9647615D1DA0FEDE00DC03EE /* Products */ = {
			isa = PBXGroup;
			children = (
				9647615C1DA0FEDE00DC03EE /* philconvert.app */,
				964761731DA0FEDF00DC03EE /* philconvertTests.xctest */,
				9647617E1DA0FEDF00DC03EE /* philconvertUITests.xctest */,
			);
			name = Products;
			sourceTree = "<group>";
		};
		9647615E1DA0FEDE00DC03EE /* philconvert */ = {
			isa = PBXGroup;
			children = (
				9647615F1DA0FEDE00DC03EE /* AppDelegate.swift */,
				964761611DA0FEDE00DC03EE /* ViewController.swift */,
				964761631DA0FEDE00DC03EE /* Main.storyboard */,
				964761691DA0FEDE00DC03EE /* Assets.xcassets */,
				9647616B1DA0FEDE00DC03EE /* LaunchScreen.storyboard */,
				9647616E1DA0FEDE00DC03EE /* Info.plist */,
				964761661DA0FEDE00DC03EE /* philconvert.xcdatamodeld */,
				9627D80B1E20DF8100F50515 /* OtherCountryView.xib */,
			);
			path = philconvert;
			sourceTree = "<group>";
		};
		964761761DA0FEDF00DC03EE /* philconvertTests */ = {
			isa = PBXGroup;
			children = (
				964761771DA0FEDF00DC03EE /* philconvertTests.swift */,
				964761791DA0FEDF00DC03EE /* Info.plist */,
			);
			path = philconvertTests;
			sourceTree = "<group>";
		};
		964761811DA0FEDF00DC03EE /* philconvertUITests */ = {
			isa = PBXGroup;
			children = (
				964761821DA0FEDF00DC03EE /* philconvertUITests.swift */,
				964761841DA0FEDF00DC03EE /* Info.plist */,
			);
			path = philconvertUITests;
			sourceTree = "<group>";
		};
		96D771BA1DA720EF001481E6 /* Frameworks */ = {
			isa = PBXGroup;
			children = (
				96D771BB1DA720F0001481E6 /* Alamofire.framework */,
				96D771BC1DA720F0001481E6 /* SwiftyJSON.framework */,
			);
			name = Frameworks;
			sourceTree = "<group>";
		};
/* End PBXGroup section */

/* Begin PBXNativeTarget section */
		9647615B1DA0FEDE00DC03EE /* philconvert */ = {
			isa = PBXNativeTarget;
			buildConfigurationList = 964761871DA0FEDF00DC03EE /* Build configuration list for PBXNativeTarget "philconvert" */;
			buildPhases = (
				964761581DA0FEDE00DC03EE /* Sources */,
				964761591DA0FEDE00DC03EE /* Frameworks */,
				9647615A1DA0FEDE00DC03EE /* Resources */,
				96D771BF1DA72100001481E6 /* ShellScript */,
			);
			buildRules = (
			);
			dependencies = (
			);
			name = philconvert;
			productName = philconvert;
			productReference = 9647615C1DA0FEDE00DC03EE /* philconvert.app */;
			productType = "com.apple.product-type.application";
		};
		964761721DA0FEDF00DC03EE /* philconvertTests */ = {
			isa = PBXNativeTarget;
			buildConfigurationList = 9647618A1DA0FEDF00DC03EE /* Build configuration list for PBXNativeTarget "philconvertTests" */;
			buildPhases = (
				9647616F1DA0FEDF00DC03EE /* Sources */,
				964761701DA0FEDF00DC03EE /* Frameworks */,
				964761711DA0FEDF00DC03EE /* Resources */,
			);
			buildRules = (
			);
			dependencies = (
				964761751DA0FEDF00DC03EE /* PBXTargetDependency */,
			);
			name = philconvertTests;
			productName = philconvertTests;
			productReference = 964761731DA0FEDF00DC03EE /* philconvertTests.xctest */;
			productType = "com.apple.product-type.bundle.unit-test";
		};
		9647617D1DA0FEDF00DC03EE /* philconvertUITests */ = {
			isa = PBXNativeTarget;
			buildConfigurationList = 9647618D1DA0FEDF00DC03EE /* Build configuration list for PBXNativeTarget "philconvertUITests" */;
			buildPhases = (
				9647617A1DA0FEDF00DC03EE /* Sources */,
				9647617B1DA0FEDF00DC03EE /* Frameworks */,
				9647617C1DA0FEDF00DC03EE /* Resources */,
			);
			buildRules = (
			);
			dependencies = (
				964761801DA0FEDF00DC03EE /* PBXTargetDependency */,
			);
			name = philconvertUITests;
			productName = philconvertUITests;
			productReference = 9647617E1DA0FEDF00DC03EE /* philconvertUITests.xctest */;
			productType = "com.apple.product-type.bundle.ui-testing";
		};
/* End PBXNativeTarget section */

/* Begin PBXProject section */
		964761541DA0FEDE00DC03EE /* Project object */ = {
			isa = PBXProject;
			attributes = {
				LastSwiftUpdateCheck = 0800;
				LastUpgradeCheck = 0820;
				ORGANIZATIONNAME = info.tmpla;
				TargetAttributes = {
					9647615B1DA0FEDE00DC03EE = {
						CreatedOnToolsVersion = 8.0;
						ProvisioningStyle = Automatic;
					};
					964761721DA0FEDF00DC03EE = {
						CreatedOnToolsVersion = 8.0;
						ProvisioningStyle = Automatic;
						TestTargetID = 9647615B1DA0FEDE00DC03EE;
					};
					9647617D1DA0FEDF00DC03EE = {
						CreatedOnToolsVersion = 8.0;
						ProvisioningStyle = Automatic;
						TestTargetID = 9647615B1DA0FEDE00DC03EE;
					};
				};
			};
			buildConfigurationList = 964761571DA0FEDE00DC03EE /* Build configuration list for PBXProject "philconvert" */;
			compatibilityVersion = "Xcode 8.0";
			developmentRegion = English;
			hasScannedForEncodings = 0;
			knownRegions = (
				en,
				Base,
			);
			mainGroup = 964761531DA0FEDE00DC03EE;
			productRefGroup = 9647615D1DA0FEDE00DC03EE /* Products */;
			projectDirPath = "";
			projectRoot = "";
			targets = (
				9647615B1DA0FEDE00DC03EE /* philconvert */,
				964761721DA0FEDF00DC03EE /* philconvertTests */,
				9647617D1DA0FEDF00DC03EE /* philconvertUITests */,
			);
		};
/* End PBXProject section */

/* Begin PBXResourcesBuildPhase section */
		9647615A1DA0FEDE00DC03EE /* Resources */ = {
			isa = PBXResourcesBuildPhase;
			buildActionMask = 2147483647;
			files = (
				9647616D1DA0FEDE00DC03EE /* LaunchScreen.storyboard in Resources */,
				9647616A1DA0FEDE00DC03EE /* Assets.xcassets in Resources */,
				9627D80C1E20DF8100F50515 /* OtherCountryView.xib in Resources */,
				964761651DA0FEDE00DC03EE /* Main.storyboard in Resources */,
				96E32F521E371149002EE880 /* CollectionViewCell.xib in Resources */,
			);
			runOnlyForDeploymentPostprocessing = 0;
		};
		964761711DA0FEDF00DC03EE /* Resources */ = {
			isa = PBXResourcesBuildPhase;
			buildActionMask = 2147483647;
			files = (
			);
			runOnlyForDeploymentPostprocessing = 0;
		};
		9647617C1DA0FEDF00DC03EE /* Resources */ = {
			isa = PBXResourcesBuildPhase;
			buildActionMask = 2147483647;
			files = (
			);
			runOnlyForDeploymentPostprocessing = 0;
		};
/* End PBXResourcesBuildPhase section */

/* Begin PBXShellScriptBuildPhase section */
		96D771BF1DA72100001481E6 /* ShellScript */ = {
			isa = PBXShellScriptBuildPhase;
			buildActionMask = 2147483647;
			files = (
			);
			inputPaths = (
				"$(SRCROOT)/Carthage/Build/iOS/Alamofire.framework",
				"$(SRCROOT)/Carthage/Build/iOS/SwiftyJSON.framework",
			);
			outputPaths = (
			);
			runOnlyForDeploymentPostprocessing = 0;
			shellPath = /bin/sh;
			shellScript = "/usr/local/bin/carthage copy-frameworks";
		};
/* End PBXShellScriptBuildPhase section */

/* Begin PBXSourcesBuildPhase section */
		964761581DA0FEDE00DC03EE /* Sources */ = {
			isa = PBXSourcesBuildPhase;
			buildActionMask = 2147483647;
			files = (
				964761621DA0FEDE00DC03EE /* ViewController.swift in Sources */,
				964761601DA0FEDE00DC03EE /* AppDelegate.swift in Sources */,
				96E32F511E371149002EE880 /* CollectionViewCell.swift in Sources */,
				964761681DA0FEDE00DC03EE /* philconvert.xcdatamodeld in Sources */,
			);
			runOnlyForDeploymentPostprocessing = 0;
		};
		9647616F1DA0FEDF00DC03EE /* Sources */ = {
			isa = PBXSourcesBuildPhase;
			buildActionMask = 2147483647;
			files = (
				964761781DA0FEDF00DC03EE /* philconvertTests.swift in Sources */,
			);
			runOnlyForDeploymentPostprocessing = 0;
		};
		9647617A1DA0FEDF00DC03EE /* Sources */ = {
			isa = PBXSourcesBuildPhase;
			buildActionMask = 2147483647;
			files = (
				964761831DA0FEDF00DC03EE /* philconvertUITests.swift in Sources */,
			);
			runOnlyForDeploymentPostprocessing = 0;
		};
/* End PBXSourcesBuildPhase section */

/* Begin PBXTargetDependency section */
		964761751DA0FEDF00DC03EE /* PBXTargetDependency */ = {
			isa = PBXTargetDependency;
			target = 9647615B1DA0FEDE00DC03EE /* philconvert */;
			targetProxy = 964761741DA0FEDF00DC03EE /* PBXContainerItemProxy */;
		};
		964761801DA0FEDF00DC03EE /* PBXTargetDependency */ = {
			isa = PBXTargetDependency;
			target = 9647615B1DA0FEDE00DC03EE /* philconvert */;
			targetProxy = 9647617F1DA0FEDF00DC03EE /* PBXContainerItemProxy */;
		};
/* End PBXTargetDependency section */

/* Begin PBXVariantGroup section */
		964761631DA0FEDE00DC03EE /* Main.storyboard */ = {
			isa = PBXVariantGroup;
			children = (
				964761641DA0FEDE00DC03EE /* Base */,
			);
			name = Main.storyboard;
			sourceTree = "<group>";
		};
		9647616B1DA0FEDE00DC03EE /* LaunchScreen.storyboard */ = {
			isa = PBXVariantGroup;
			children = (
				9647616C1DA0FEDE00DC03EE /* Base */,
			);
			name = LaunchScreen.storyboard;
			sourceTree = "<group>";
		};
/* End PBXVariantGroup section */

/* Begin XCBuildConfiguration section */
		964761851DA0FEDF00DC03EE /* Debug */ = {
			isa = XCBuildConfiguration;
			buildSettings = {
				ALWAYS_SEARCH_USER_PATHS = NO;
				CLANG_ANALYZER_NONNULL = YES;
				CLANG_CXX_LANGUAGE_STANDARD = "gnu++0x";
				CLANG_CXX_LIBRARY = "libc++";
				CLANG_ENABLE_MODULES = YES;
				CLANG_ENABLE_OBJC_ARC = YES;
				CLANG_WARN_BOOL_CONVERSION = YES;
				CLANG_WARN_CONSTANT_CONVERSION = YES;
				CLANG_WARN_DIRECT_OBJC_ISA_USAGE = YES_ERROR;
				CLANG_WARN_DOCUMENTATION_COMMENTS = YES;
				CLANG_WARN_EMPTY_BODY = YES;
				CLANG_WARN_ENUM_CONVERSION = YES;
				CLANG_WARN_INFINITE_RECURSION = YES;
				CLANG_WARN_INT_CONVERSION = YES;
				CLANG_WARN_OBJC_ROOT_CLASS = YES_ERROR;
				CLANG_WARN_SUSPICIOUS_MOVE = YES;
				CLANG_WARN_SUSPICIOUS_MOVES = YES;
				CLANG_WARN_UNREACHABLE_CODE = YES;
				CLANG_WARN__DUPLICATE_METHOD_MATCH = YES;
				"CODE_SIGN_IDENTITY[sdk=iphoneos*]" = "iPhone Developer";
				COPY_PHASE_STRIP = NO;
				DEBUG_INFORMATION_FORMAT = dwarf;
				ENABLE_STRICT_OBJC_MSGSEND = YES;
				ENABLE_TESTABILITY = YES;
				GCC_C_LANGUAGE_STANDARD = gnu99;
				GCC_DYNAMIC_NO_PIC = NO;
				GCC_NO_COMMON_BLOCKS = YES;
				GCC_OPTIMIZATION_LEVEL = 0;
				GCC_PREPROCESSOR_DEFINITIONS = (
					"DEBUG=1",
					"$(inherited)",
				);
				GCC_WARN_64_TO_32_BIT_CONVERSION = YES;
				GCC_WARN_ABOUT_RETURN_TYPE = YES_ERROR;
				GCC_WARN_UNDECLARED_SELECTOR = YES;
				GCC_WARN_UNINITIALIZED_AUTOS = YES_AGGRESSIVE;
				GCC_WARN_UNUSED_FUNCTION = YES;
				GCC_WARN_UNUSED_VARIABLE = YES;
				IPHONEOS_DEPLOYMENT_TARGET = 10.2;
				MTL_ENABLE_DEBUG_INFO = YES;
				ONLY_ACTIVE_ARCH = YES;
				SDKROOT = iphoneos;
				SWIFT_ACTIVE_COMPILATION_CONDITIONS = DEBUG;
				SWIFT_OPTIMIZATION_LEVEL = "-Onone";
			};
			name = Debug;
		};
		964761861DA0FEDF00DC03EE /* Release */ = {
			isa = XCBuildConfiguration;
			buildSettings = {
				ALWAYS_SEARCH_USER_PATHS = NO;
				CLANG_ANALYZER_NONNULL = YES;
				CLANG_CXX_LANGUAGE_STANDARD = "gnu++0x";
				CLANG_CXX_LIBRARY = "libc++";
				CLANG_ENABLE_MODULES = YES;
				CLANG_ENABLE_OBJC_ARC = YES;
				CLANG_WARN_BOOL_CONVERSION = YES;
				CLANG_WARN_CONSTANT_CONVERSION = YES;
				CLANG_WARN_DIRECT_OBJC_ISA_USAGE = YES_ERROR;
				CLANG_WARN_DOCUMENTATION_COMMENTS = YES;
				CLANG_WARN_EMPTY_BODY = YES;
				CLANG_WARN_ENUM_CONVERSION = YES;
				CLANG_WARN_INFINITE_RECURSION = YES;
				CLANG_WARN_INT_CONVERSION = YES;
				CLANG_WARN_OBJC_ROOT_CLASS = YES_ERROR;
				CLANG_WARN_SUSPICIOUS_MOVE = YES;
				CLANG_WARN_SUSPICIOUS_MOVES = YES;
				CLANG_WARN_UNREACHABLE_CODE = YES;
				CLANG_WARN__DUPLICATE_METHOD_MATCH = YES;
				"CODE_SIGN_IDENTITY[sdk=iphoneos*]" = "iPhone Developer";
				COPY_PHASE_STRIP = NO;
				DEBUG_INFORMATION_FORMAT = "dwarf-with-dsym";
				ENABLE_NS_ASSERTIONS = NO;
				ENABLE_STRICT_OBJC_MSGSEND = YES;
				GCC_C_LANGUAGE_STANDARD = gnu99;
				GCC_NO_COMMON_BLOCKS = YES;
				GCC_WARN_64_TO_32_BIT_CONVERSION = YES;
				GCC_WARN_ABOUT_RETURN_TYPE = YES_ERROR;
				GCC_WARN_UNDECLARED_SELECTOR = YES;
				GCC_WARN_UNINITIALIZED_AUTOS = YES_AGGRESSIVE;
				GCC_WARN_UNUSED_FUNCTION = YES;
				GCC_WARN_UNUSED_VARIABLE = YES;
				IPHONEOS_DEPLOYMENT_TARGET = 10.2;
				MTL_ENABLE_DEBUG_INFO = NO;
				SDKROOT = iphoneos;
				SWIFT_OPTIMIZATION_LEVEL = "-Owholemodule";
				VALIDATE_PRODUCT = YES;
			};
			name = Release;
		};
		964761881DA0FEDF00DC03EE /* Debug */ = {
			isa = XCBuildConfiguration;
			buildSettings = {
				ASSETCATALOG_COMPILER_APPICON_NAME = AppIcon;
				"CODE_SIGN_IDENTITY[sdk=iphoneos*]" = "iPhone Developer";
				DEVELOPMENT_TEAM = DNGT8A5Y29;
				FRAMEWORK_SEARCH_PATHS = (
					"$(inherited)",
					"$(PROJECT_DIR)/Carthage/Build/iOS",
				);
				INFOPLIST_FILE = philconvert/Info.plist;
				LD_RUNPATH_SEARCH_PATHS = "$(inherited) @executable_path/Frameworks";
				PRODUCT_BUNDLE_IDENTIFIER = info.tmpla.philconvert;
				PRODUCT_NAME = "$(TARGET_NAME)";
				SWIFT_VERSION = 3.0;
			};
			name = Debug;
		};
		964761891DA0FEDF00DC03EE /* Release */ = {
			isa = XCBuildConfiguration;
			buildSettings = {
				ASSETCATALOG_COMPILER_APPICON_NAME = AppIcon;
				"CODE_SIGN_IDENTITY[sdk=iphoneos*]" = "iPhone Developer";
				DEVELOPMENT_TEAM = DNGT8A5Y29;
				FRAMEWORK_SEARCH_PATHS = (
					"$(inherited)",
					"$(PROJECT_DIR)/Carthage/Build/iOS",
				);
				INFOPLIST_FILE = philconvert/Info.plist;
				LD_RUNPATH_SEARCH_PATHS = "$(inherited) @executable_path/Frameworks";
				PRODUCT_BUNDLE_IDENTIFIER = info.tmpla.philconvert;
				PRODUCT_NAME = "$(TARGET_NAME)";
				SWIFT_VERSION = 3.0;
			};
			name = Release;
		};
		9647618B1DA0FEDF00DC03EE /* Debug */ = {
			isa = XCBuildConfiguration;
			buildSettings = {
				ALWAYS_EMBED_SWIFT_STANDARD_LIBRARIES = YES;
				BUNDLE_LOADER = "$(TEST_HOST)";
				INFOPLIST_FILE = philconvertTests/Info.plist;
				LD_RUNPATH_SEARCH_PATHS = "$(inherited) @executable_path/Frameworks @loader_path/Frameworks";
				PRODUCT_BUNDLE_IDENTIFIER = info.tmpla.philconvertTests;
				PRODUCT_NAME = "$(TARGET_NAME)";
				SWIFT_VERSION = 3.0;
				TEST_HOST = "$(BUILT_PRODUCTS_DIR)/philconvert.app/philconvert";
			};
			name = Debug;
		};
		9647618C1DA0FEDF00DC03EE /* Release */ = {
			isa = XCBuildConfiguration;
			buildSettings = {
				ALWAYS_EMBED_SWIFT_STANDARD_LIBRARIES = YES;
				BUNDLE_LOADER = "$(TEST_HOST)";
				INFOPLIST_FILE = philconvertTests/Info.plist;
				LD_RUNPATH_SEARCH_PATHS = "$(inherited) @executable_path/Frameworks @loader_path/Frameworks";
				PRODUCT_BUNDLE_IDENTIFIER = info.tmpla.philconvertTests;
				PRODUCT_NAME = "$(TARGET_NAME)";
				SWIFT_VERSION = 3.0;
				TEST_HOST = "$(BUILT_PRODUCTS_DIR)/philconvert.app/philconvert";
			};
			name = Release;
		};
		9647618E1DA0FEDF00DC03EE /* Debug */ = {
			isa = XCBuildConfiguration;
			buildSettings = {
				ALWAYS_EMBED_SWIFT_STANDARD_LIBRARIES = YES;
				INFOPLIST_FILE = philconvertUITests/Info.plist;
				LD_RUNPATH_SEARCH_PATHS = "$(inherited) @executable_path/Frameworks @loader_path/Frameworks";
				PRODUCT_BUNDLE_IDENTIFIER = info.tmpla.philconvertUITests;
				PRODUCT_NAME = "$(TARGET_NAME)";
				SWIFT_VERSION = 3.0;
				TEST_TARGET_NAME = philconvert;
			};
			name = Debug;
		};
		9647618F1DA0FEDF00DC03EE /* Release */ = {
			isa = XCBuildConfiguration;
			buildSettings = {
				ALWAYS_EMBED_SWIFT_STANDARD_LIBRARIES = YES;
				INFOPLIST_FILE = philconvertUITests/Info.plist;
				LD_RUNPATH_SEARCH_PATHS = "$(inherited) @executable_path/Frameworks @loader_path/Frameworks";
				PRODUCT_BUNDLE_IDENTIFIER = info.tmpla.philconvertUITests;
				PRODUCT_NAME = "$(TARGET_NAME)";
				SWIFT_VERSION = 3.0;
				TEST_TARGET_NAME = philconvert;
			};
			name = Release;
		};
/* End XCBuildConfiguration section */

/* Begin XCConfigurationList section */
		964761571DA0FEDE00DC03EE /* Build configuration list for PBXProject "philconvert" */ = {
			isa = XCConfigurationList;
			buildConfigurations = (
				964761851DA0FEDF00DC03EE /* Debug */,
				964761861DA0FEDF00DC03EE /* Release */,
			);
			defaultConfigurationIsVisible = 0;
			defaultConfigurationName = Release;
		};
		964761871DA0FEDF00DC03EE /* Build configuration list for PBXNativeTarget "philconvert" */ = {
			isa = XCConfigurationList;
			buildConfigurations = (
				964761881DA0FEDF00DC03EE /* Debug */,
				964761891DA0FEDF00DC03EE /* Release */,
			);
			defaultConfigurationIsVisible = 0;
			defaultConfigurationName = Release;
		};
		9647618A1DA0FEDF00DC03EE /* Build configuration list for PBXNativeTarget "philconvertTests" */ = {
			isa = XCConfigurationList;
			buildConfigurations = (
				9647618B1DA0FEDF00DC03EE /* Debug */,
				9647618C1DA0FEDF00DC03EE /* Release */,
			);
			defaultConfigurationIsVisible = 0;
			defaultConfigurationName = Release;
		};
		9647618D1DA0FEDF00DC03EE /* Build configuration list for PBXNativeTarget "philconvertUITests" */ = {
			isa = XCConfigurationList;
			buildConfigurations = (
				9647618E1DA0FEDF00DC03EE /* Debug */,
				9647618F1DA0FEDF00DC03EE /* Release */,
			);
			defaultConfigurationIsVisible = 0;
			defaultConfigurationName = Release;
		};
/* End XCConfigurationList section */

/* Begin XCVersionGroup section */
		964761661DA0FEDE00DC03EE /* philconvert.xcdatamodeld */ = {
			isa = XCVersionGroup;
			children = (
				964761671DA0FEDE00DC03EE /* philconvert.xcdatamodel */,
			);
			currentVersion = 964761671DA0FEDE00DC03EE /* philconvert.xcdatamodel */;
			path = philconvert.xcdatamodeld;
			sourceTree = "<group>";
			versionGroupType = wrapper.xcdatamodel;
		};
/* End XCVersionGroup section */
	};
	rootObject = 964761541DA0FEDE00DC03EE /* Project object */;
}
